
Microsoft Visual Studio Solution File, Format Version 12.00
# Visual Studio Version 17
VisualStudioVersion = 17.13.35825.156 d17.13
MinimumVisualStudioVersion = 10.0.40219.1
Project("{FAE04EC0-301F-11D3-BF4B-00C04F79EFBC}") = "ErpApi", "ErpApi.csproj", "{74620EDE-3A20-4F23-AC53-CE1D13902CDD}"
EndProject
Global
	GlobalSection(SolutionConfigurationPlatforms) = preSolution
		Debug|Any CPU = Debug|Any CPU
		Release|Any CPU = Release|Any CPU
	EndGlobalSection
	GlobalSection(ProjectConfigurationPlatforms) = postSolution
		{74620EDE-3A20-4F23-AC53-CE1D13902CDD}.Debug|Any CPU.ActiveCfg = Debug|Any CPU
		{74620EDE-3A20-4F23-AC53-CE1D13902CDD}.Debug|Any CPU.Build.0 = Debug|Any CPU
		{74620EDE-3A20-4F23-AC53-CE1D13902CDD}.Release|Any CPU.ActiveCfg = Release|Any CPU
		{74620EDE-3A20-4F23-AC53-CE1D13902CDD}.Release|Any CPU.Build.0 = Release|Any CPU
	EndGlobalSection
	GlobalSection(SolutionProperties) = preSolution
		HideSolutionNode = FALSE
	EndGlobalSection
	GlobalSection(ExtensibilityGlobals) = postSolution
		SolutionGuid = {B201EE30-3902-42ED-B6E9-11AEB565330F}
	EndGlobalSection
EndGlobal
